Microsoft Visual Studio Solution File, Format Version 12.00
# Visual Studio Version 17
VisualStudioVersion = 17.5.2.0
MinimumVisualStudioVersion = 10.0.40219.1
Project("{FAE04EC0-301F-11D3-BF4B-00C04F79EFBC}") = "SabFlix", "SabFlix\SabFlix.csproj", "{AA5CD3AA-FD6A-8D02-D0E5-F905CBD36E60}"
EndProject
Global
	GlobalSection(SolutionConfigurationPlatforms) = preSolution
		Debug|Any CPU = Debug|Any CPU
		Release|Any CPU = Release|Any CPU
	EndGlobalSection
	GlobalSection(ProjectConfigurationPlatforms) = postSolution
		{AA5CD3AA-FD6A-8D02-D0E5-F905CBD36E60}.Debug|Any CPU.ActiveCfg = Debug|Any CPU
		{AA5CD3AA-FD6A-8D02-D0E5-F905CBD36E60}.Debug|Any CPU.Build.0 = Debug|Any CPU
		{AA5CD3AA-FD6A-8D02-D0E5-F905CBD36E60}.Release|Any CPU.ActiveCfg = Release|Any CPU
		{AA5CD3AA-FD6A-8D02-D0E5-F905CBD36E60}.Release|Any CPU.Build.0 = Release|Any CPU
	EndGlobalSection
	GlobalSection(SolutionProperties) = preSolution
		HideSolutionNode = FALSE
	EndGlobalSection
	GlobalSection(ExtensibilityGlobals) = postSolution
		SolutionGuid = {3FBAB5B5-A3F1-4DF5-AD23-BD053B5DB993}
	EndGlobalSection
EndGlobal
